
Microsoft Visual Studio Solution File, Format Version 12.00
# Visual Studio Version 17
VisualStudioVersion = 17.0.32112.339
MinimumVisualStudioVersion = 10.0.40219.1
Project("{9A19103F-16F7-4668-BE54-9A1E7A4F7556}") = "RTGS.DotNetSDK.Publisher", "RTGS.DotNetSDK.Publisher\RTGS.DotNetSDK.Publisher.csproj", "{FDE0902A-A8B1-400A-9811-3C1E4AEC8282}"
EndProject
Project("{9A19103F-16F7-4668-BE54-9A1E7A4F7556}") = "RTGS.DotNetSDK.Publisher.IntegrationTests", "RTGS.DotNetSDK.Publisher.IntegrationTests\RTGS.DotNetSDK.Publisher.IntegrationTests.csproj", "{C9C045DF-1B6A-433F-83C5-F877B8DCE20B}"
EndProject
Project("{2150E333-8FDC-42A3-9474-1A3956D46DE8}") = "Solution Items", "Solution Items", "{FF592A3E-7819-4D1F-ABAE-540CBDA79100}"
	ProjectSection(SolutionItems) = preProject
		.editorconfig = .editorconfig
	EndProjectSection
EndProject
Project("{9A19103F-16F7-4668-BE54-9A1E7A4F7556}") = "RTGS.DotNetSDK.Publisher.Tests", "RTGS.DotNetSDK.Publisher.Tests\RTGS.DotNetSDK.Publisher.Tests.csproj", "{2766DF94-B4B1-4F0D-A8BD-359B902E4F79}"
EndProject
Project("{2150E333-8FDC-42A3-9474-1A3956D46DE8}") = "Tests", "Tests", "{29835DF8-7D93-438B-99AA-3FD010733300}"
EndProject
Project("{2150E333-8FDC-42A3-9474-1A3956D46DE8}") = "Code", "Code", "{A213481E-DA47-43EB-ACC2-AB247FC207DD}"
EndProject
Project("{9A19103F-16F7-4668-BE54-9A1E7A4F7556}") = "RTGS.DotNetSDK.Subscriber", "RTGS.DotNetSDK.Subscriber\RTGS.DotNetSDK.Subscriber.csproj", "{E1E57E41-0082-40DB-B628-612EE1D07B90}"
EndProject
Project("{9A19103F-16F7-4668-BE54-9A1E7A4F7556}") = "RTGS.DotNetSDK.Subscriber.IntegrationTests", "RTGS.DotNetSDK.Subscriber.IntegrationTests\RTGS.DotNetSDK.Subscriber.IntegrationTests.csproj", "{7672D3DE-5010-47A3-9BD4-F6706C9EFD1E}"
EndProject
Project("{9A19103F-16F7-4668-BE54-9A1E7A4F7556}") = "RTGS.DotNetSDK.Subscriber.Tests", "RTGS.DotNetSDK.Subscriber.Tests\RTGS.DotNetSDK.Subscriber.Tests.csproj", "{2E8AC9A7-B9A6-4CED-9C70-A134CE061D58}"
EndProject
Project("{2150E333-8FDC-42A3-9474-1A3956D46DE8}") = "IDC_SDK", "IDC_SDK", "{B7CF459F-91BF-4D16-9EA1-68CF65A48D93}"
EndProject
Project("{9A19103F-16F7-4668-BE54-9A1E7A4F7556}") = "IDC_SDK", "..\..\..\rtgs-idcrypt-sdk\src\IDC_SDK\IDC_SDK\IDC_SDK.csproj", "{53425343-C108-4829-A4BA-31C7460B26DB}"
EndProject
Global
	GlobalSection(SolutionConfigurationPlatforms) = preSolution
		Debug|Any CPU = Debug|Any CPU
		Release|Any CPU = Release|Any CPU
	EndGlobalSection
	GlobalSection(ProjectConfigurationPlatforms) = postSolution
		{FDE0902A-A8B1-400A-9811-3C1E4AEC8282}.Debug|Any CPU.ActiveCfg = Debug|Any CPU
		{FDE0902A-A8B1-400A-9811-3C1E4AEC8282}.Debug|Any CPU.Build.0 = Debug|Any CPU
		{FDE0902A-A8B1-400A-9811-3C1E4AEC8282}.Release|Any CPU.ActiveCfg = Release|Any CPU
		{FDE0902A-A8B1-400A-9811-3C1E4AEC8282}.Release|Any CPU.Build.0 = Release|Any CPU
		{C9C045DF-1B6A-433F-83C5-F877B8DCE20B}.Debug|Any CPU.ActiveCfg = Debug|Any CPU
		{C9C045DF-1B6A-433F-83C5-F877B8DCE20B}.Debug|Any CPU.Build.0 = Debug|Any CPU
		{C9C045DF-1B6A-433F-83C5-F877B8DCE20B}.Release|Any CPU.ActiveCfg = Release|Any CPU
		{C9C045DF-1B6A-433F-83C5-F877B8DCE20B}.Release|Any CPU.Build.0 = Release|Any CPU
		{2766DF94-B4B1-4F0D-A8BD-359B902E4F79}.Debug|Any CPU.ActiveCfg = Debug|Any CPU
		{2766DF94-B4B1-4F0D-A8BD-359B902E4F79}.Debug|Any CPU.Build.0 = Debug|Any CPU
		{2766DF94-B4B1-4F0D-A8BD-359B902E4F79}.Release|Any CPU.ActiveCfg = Release|Any CPU
		{2766DF94-B4B1-4F0D-A8BD-359B902E4F79}.Release|Any CPU.Build.0 = Release|Any CPU
		{E1E57E41-0082-40DB-B628-612EE1D07B90}.Debug|Any CPU.ActiveCfg = Debug|Any CPU
		{E1E57E41-0082-40DB-B628-612EE1D07B90}.Debug|Any CPU.Build.0 = Debug|Any CPU
		{E1E57E41-0082-40DB-B628-612EE1D07B90}.Release|Any CPU.ActiveCfg = Release|Any CPU
		{E1E57E41-0082-40DB-B628-612EE1D07B90}.Release|Any CPU.Build.0 = Release|Any CPU
		{7672D3DE-5010-47A3-9BD4-F6706C9EFD1E}.Debug|Any CPU.ActiveCfg = Debug|Any CPU
		{7672D3DE-5010-47A3-9BD4-F6706C9EFD1E}.Debug|Any CPU.Build.0 = Debug|Any CPU
		{7672D3DE-5010-47A3-9BD4-F6706C9EFD1E}.Release|Any CPU.ActiveCfg = Release|Any CPU
		{7672D3DE-5010-47A3-9BD4-F6706C9EFD1E}.Release|Any CPU.Build.0 = Release|Any CPU
		{2E8AC9A7-B9A6-4CED-9C70-A134CE061D58}.Debug|Any CPU.ActiveCfg = Debug|Any CPU
		{2E8AC9A7-B9A6-4CED-9C70-A134CE061D58}.Debug|Any CPU.Build.0 = Debug|Any CPU
		{2E8AC9A7-B9A6-4CED-9C70-A134CE061D58}.Release|Any CPU.ActiveCfg = Release|Any CPU
		{2E8AC9A7-B9A6-4CED-9C70-A134CE061D58}.Release|Any CPU.Build.0 = Release|Any CPU
		{53425343-C108-4829-A4BA-31C7460B26DB}.Debug|Any CPU.ActiveCfg = Debug|Any CPU
		{53425343-C108-4829-A4BA-31C7460B26DB}.Debug|Any CPU.Build.0 = Debug|Any CPU
		{53425343-C108-4829-A4BA-31C7460B26DB}.Release|Any CPU.ActiveCfg = Release|Any CPU
		{53425343-C108-4829-A4BA-31C7460B26DB}.Release|Any CPU.Build.0 = Release|Any CPU
	EndGlobalSection
	GlobalSection(SolutionProperties) = preSolution
		HideSolutionNode = FALSE
	EndGlobalSection
	GlobalSection(NestedProjects) = preSolution
		{FDE0902A-A8B1-400A-9811-3C1E4AEC8282} = {A213481E-DA47-43EB-ACC2-AB247FC207DD}
		{C9C045DF-1B6A-433F-83C5-F877B8DCE20B} = {29835DF8-7D93-438B-99AA-3FD010733300}
		{2766DF94-B4B1-4F0D-A8BD-359B902E4F79} = {29835DF8-7D93-438B-99AA-3FD010733300}
		{E1E57E41-0082-40DB-B628-612EE1D07B90} = {A213481E-DA47-43EB-ACC2-AB247FC207DD}
		{7672D3DE-5010-47A3-9BD4-F6706C9EFD1E} = {29835DF8-7D93-438B-99AA-3FD010733300}
		{2E8AC9A7-B9A6-4CED-9C70-A134CE061D58} = {29835DF8-7D93-438B-99AA-3FD010733300}
		{53425343-C108-4829-A4BA-31C7460B26DB} = {B7CF459F-91BF-4D16-9EA1-68CF65A48D93}
	EndGlobalSection
	GlobalSection(ExtensibilityGlobals) = postSolution
		SolutionGuid = {5C2DB36A-8C71-4F6F-9352-3D622B2C1E9A}
	EndGlobalSection
EndGlobal
