
Microsoft Visual Studio Solution File, Format Version 12.00
# Visual Studio Version 17
VisualStudioVersion = 17.0.32112.339
MinimumVisualStudioVersion = 10.0.40219.1
Project("{2150E333-8FDC-42A3-9474-1A3956D46DE8}") = "Solution Items", "Solution Items", "{FF592A3E-7819-4D1F-ABAE-540CBDA79100}"
	ProjectSection(SolutionItems) = preProject
		.editorconfig = .editorconfig
	EndProjectSection
EndProject
Project("{2150E333-8FDC-42A3-9474-1A3956D46DE8}") = "Tests", "Tests", "{29835DF8-7D93-438B-99AA-3FD010733300}"
EndProject
Project("{2150E333-8FDC-42A3-9474-1A3956D46DE8}") = "Code", "Code", "{A213481E-DA47-43EB-ACC2-AB247FC207DD}"
EndProject
Project("{9A19103F-16F7-4668-BE54-9A1E7A4F7556}") = "RTGS.DotNetSDK", "RTGS.DotNetSDK\RTGS.DotNetSDK.csproj", "{E5BBE8A3-3451-43E2-9652-FB6259D99CD4}"
EndProject
Project("{9A19103F-16F7-4668-BE54-9A1E7A4F7556}") = "RTGS.DotNetSDK.Tests", "RTGS.DotNetSDK.Tests\RTGS.DotNetSDK.Tests.csproj", "{69833267-2563-4331-98D6-E7725094F450}"
EndProject
Project("{9A19103F-16F7-4668-BE54-9A1E7A4F7556}") = "RTGS.DotNetSDK.IntegrationTests", "RTGS.DotNetSDK.IntegrationTests\RTGS.DotNetSDK.IntegrationTests.csproj", "{6F45F927-D425-457F-BBBD-4B3D07322038}"
EndProject
Global
	GlobalSection(SolutionConfigurationPlatforms) = preSolution
		Debug|Any CPU = Debug|Any CPU
		Release|Any CPU = Release|Any CPU
	EndGlobalSection
	GlobalSection(ProjectConfigurationPlatforms) = postSolution
		{E5BBE8A3-3451-43E2-9652-FB6259D99CD4}.Debug|Any CPU.ActiveCfg = Debug|Any CPU
		{E5BBE8A3-3451-43E2-9652-FB6259D99CD4}.Debug|Any CPU.Build.0 = Debug|Any CPU
		{E5BBE8A3-3451-43E2-9652-FB6259D99CD4}.Release|Any CPU.ActiveCfg = Release|Any CPU
		{E5BBE8A3-3451-43E2-9652-FB6259D99CD4}.Release|Any CPU.Build.0 = Release|Any CPU
		{69833267-2563-4331-98D6-E7725094F450}.Debug|Any CPU.ActiveCfg = Debug|Any CPU
		{69833267-2563-4331-98D6-E7725094F450}.Debug|Any CPU.Build.0 = Debug|Any CPU
		{69833267-2563-4331-98D6-E7725094F450}.Release|Any CPU.ActiveCfg = Release|Any CPU
		{69833267-2563-4331-98D6-E7725094F450}.Release|Any CPU.Build.0 = Release|Any CPU
		{6F45F927-D425-457F-BBBD-4B3D07322038}.Debug|Any CPU.ActiveCfg = Debug|Any CPU
		{6F45F927-D425-457F-BBBD-4B3D07322038}.Debug|Any CPU.Build.0 = Debug|Any CPU
		{6F45F927-D425-457F-BBBD-4B3D07322038}.Release|Any CPU.ActiveCfg = Release|Any CPU
		{6F45F927-D425-457F-BBBD-4B3D07322038}.Release|Any CPU.Build.0 = Release|Any CPU
	EndGlobalSection
	GlobalSection(SolutionProperties) = preSolution
		HideSolutionNode = FALSE
	EndGlobalSection
	GlobalSection(NestedProjects) = preSolution
		{E5BBE8A3-3451-43E2-9652-FB6259D99CD4} = {A213481E-DA47-43EB-ACC2-AB247FC207DD}
		{69833267-2563-4331-98D6-E7725094F450} = {29835DF8-7D93-438B-99AA-3FD010733300}
		{6F45F927-D425-457F-BBBD-4B3D07322038} = {29835DF8-7D93-438B-99AA-3FD010733300}
	EndGlobalSection
	GlobalSection(ExtensibilityGlobals) = postSolution
		SolutionGuid = {5C2DB36A-8C71-4F6F-9352-3D622B2C1E9A}
	EndGlobalSection
EndGlobal
